// !$*UTF8*$!
{
	archiveVersion = 1;
	classes = {
	};
	objectVersion = 50;
	objects = {

/* Begin PBXBuildFile section */
		5FCFFC1F2423002D0072E95D /* AppDelegate.swift in Sources */ = {isa = PBXBuildFile; fileRef = 5FCFFC1E2423002D0072E95D /* AppDelegate.swift */; };
		5FCFFC232423002D0072E95D /* ViewController.swift in Sources */ = {isa = PBXBuildFile; fileRef = 5FCFFC222423002D0072E95D /* ViewController.swift */; };
		5FCFFC262423002D0072E95D /* Main.storyboard in Resources */ = {isa = PBXBuildFile; fileRef = 5FCFFC242423002D0072E95D /* Main.storyboard */; };
		5FCFFC28242300430072E95D /* Assets.xcassets in Resources */ = {isa = PBXBuildFile; fileRef = 5FCFFC27242300430072E95D /* Assets.xcassets */; };
		5FCFFC2B242300430072E95D /* LaunchScreen.storyboard in Resources */ = {isa = PBXBuildFile; fileRef = 5FCFFC29242300430072E95D /* LaunchScreen.storyboard */; };
		5FCFFC36242300460072E95D /* MapViewControllerTests.swift in Sources */ = {isa = PBXBuildFile; fileRef = 5FCFFC35242300460072E95D /* MapViewControllerTests.swift */; };
		5FCFFC41242300460072E95D /* MapViewControllerUITests.swift in Sources */ = {isa = PBXBuildFile; fileRef = 5FCFFC40242300460072E95D /* MapViewControllerUITests.swift */; };
		5FCFFC50242300540072E95D /* MapKit.framework in Frameworks */ = {isa = PBXBuildFile; fileRef = 5FCFFC4F242300540072E95D /* MapKit.framework */; };
		5FCFFC52242300C50072E95D /* MapViewController.swift in Sources */ = {isa = PBXBuildFile; fileRef = 5FCFFC51242300C50072E95D /* MapViewController.swift */; };
		5FCFFC54242300CF0072E95D /* GradientPathRenderer.swift in Sources */ = {isa = PBXBuildFile; fileRef = 5FCFFC53242300CF0072E95D /* GradientPathRenderer.swift */; };
/* End PBXBuildFile section */

/* Begin PBXContainerItemProxy section */
		5FCFFC32242300460072E95D /* PBXContainerItemProxy */ = {
			isa = PBXContainerItemProxy;
			containerPortal = 5FCFFC132423002C0072E95D /* Project object */;
			proxyType = 1;
			remoteGlobalIDString = 5FCFFC1A2423002C0072E95D;
			remoteInfo = MapViewController;
		};
		5FCFFC3D242300460072E95D /* PBXContainerItemProxy */ = {
			isa = PBXContainerItemProxy;
			containerPortal = 5FCFFC132423002C0072E95D /* Project object */;
			proxyType = 1;
			remoteGlobalIDString = 5FCFFC1A2423002C0072E95D;
			remoteInfo = MapViewController;
		};
/* End PBXContainerItemProxy section */

/* Begin PBXFileReference section */
		5FCFFC1B2423002C0072E95D /* MapViewController.app */ = {isa = PBXFileReference; explicitFileType = wrapper.application; includeInIndex = 0; path = MapViewController.app; sourceTree = BUILT_PRODUCTS_DIR; };
		5FCFFC1E2423002D0072E95D /* AppDelegate.swift */ = {isa = PBXFileReference; lastKnownFileType = sourcecode.swift; path = AppDelegate.swift; sourceTree = "<group>"; };
		5FCFFC222423002D0072E95D /* ViewController.swift */ = {isa = PBXFileReference; lastKnownFileType = sourcecode.swift; path = ViewController.swift; sourceTree = "<group>"; };
		5FCFFC252423002D0072E95D /* Base */ = {isa = PBXFileReference; lastKnownFileType = file.storyboard; name = Base; path = Base.lproj/Main.storyboard; sourceTree = "<group>"; };
		5FCFFC27242300430072E95D /* Assets.xcassets */ = {isa = PBXFileReference; lastKnownFileType = folder.assetcatalog; path = Assets.xcassets; sourceTree = "<group>"; };
		5FCFFC2A242300430072E95D /* Base */ = {isa = PBXFileReference; lastKnownFileType = file.storyboard; name = Base; path = Base.lproj/LaunchScreen.storyboard; sourceTree = "<group>"; };
		5FCFFC2C242300430072E95D /* Info.plist */ = {isa = PBXFileReference; lastKnownFileType = text.plist.xml; path = Info.plist; sourceTree = "<group>"; };
		5FCFFC31242300460072E95D /* MapViewControllerTests.xctest */ = {isa = PBXFileReference; explicitFileType = wrapper.cfbundle; includeInIndex = 0; path = MapViewControllerTests.xctest; sourceTree = BUILT_PRODUCTS_DIR; };
		5FCFFC35242300460072E95D /* MapViewControllerTests.swift */ = {isa = PBXFileReference; lastKnownFileType = sourcecode.swift; path = MapViewControllerTests.swift; sourceTree = "<group>"; };
		5FCFFC37242300460072E95D /* Info.plist */ = {isa = PBXFileReference; lastKnownFileType = text.plist.xml; path = Info.plist; sourceTree = "<group>"; };
		5FCFFC3C242300460072E95D /* MapViewControllerUITests.xctest */ = {isa = PBXFileReference; explicitFileType = wrapper.cfbundle; includeInIndex = 0; path = MapViewControllerUITests.xctest; sourceTree = BUILT_PRODUCTS_DIR; };
		5FCFFC40242300460072E95D /* MapViewControllerUITests.swift */ = {isa = PBXFileReference; lastKnownFileType = sourcecode.swift; path = MapViewControllerUITests.swift; sourceTree = "<group>"; };
		5FCFFC42242300460072E95D /* Info.plist */ = {isa = PBXFileReference; lastKnownFileType = text.plist.xml; path = Info.plist; sourceTree = "<group>"; };
		5FCFFC4F242300540072E95D /* MapKit.framework */ = {isa = PBXFileReference; lastKnownFileType = wrapper.framework; name = MapKit.framework; path = System/Library/Frameworks/MapKit.framework; sourceTree = SDKROOT; };
		5FCFFC51242300C50072E95D /* MapViewController.swift */ = {isa = PBXFileReference; fileEncoding = 4; lastKnownFileType = sourcecode.swift; path = MapViewController.swift; sourceTree = "<group>"; };
		5FCFFC53242300CF0072E95D /* GradientPathRenderer.swift */ = {isa = PBXFileReference; fileEncoding = 4; lastKnownFileType = sourcecode.swift; path = GradientPathRenderer.swift; sourceTree = "<group>"; };
/* End PBXFileReference section */

/* Begin PBXFrameworksBuildPhase section */
		5FCFFC182423002C0072E95D /* Frameworks */ = {
			isa = PBXFrameworksBuildPhase;
			buildActionMask = 2147483647;
			files = (
				5FCFFC50242300540072E95D /* MapKit.framework in Frameworks */,
			);
			runOnlyForDeploymentPostprocessing = 0;
		};
		5FCFFC2E242300460072E95D /* Frameworks */ = {
			isa = PBXFrameworksBuildPhase;
			buildActionMask = 2147483647;
			files = (
			);
			runOnlyForDeploymentPostprocessing = 0;
		};
		5FCFFC39242300460072E95D /* Frameworks */ = {
			isa = PBXFrameworksBuildPhase;
			buildActionMask = 2147483647;
			files = (
			);
			runOnlyForDeploymentPostprocessing = 0;
		};
/* End PBXFrameworksBuildPhase section */

/* Begin PBXGroup section */
		5FCFFC122423002C0072E95D = {
			isa = PBXGroup;
			children = (
				5FCFFC1D2423002C0072E95D /* MapViewController */,
				5FCFFC34242300460072E95D /* MapViewControllerTests */,
				5FCFFC3F242300460072E95D /* MapViewControllerUITests */,
				5FCFFC1C2423002C0072E95D /* Products */,
				5FCFFC4E242300540072E95D /* Frameworks */,
			);
			sourceTree = "<group>";
		};
		5FCFFC1C2423002C0072E95D /* Products */ = {
			isa = PBXGroup;
			children = (
				5FCFFC1B2423002C0072E95D /* MapViewController.app */,
				5FCFFC31242300460072E95D /* MapViewControllerTests.xctest */,
				5FCFFC3C242300460072E95D /* MapViewControllerUITests.xctest */,
			);
			name = Products;
			sourceTree = "<group>";
		};
		5FCFFC1D2423002C0072E95D /* MapViewController */ = {
			isa = PBXGroup;
			children = (
				5FCFFC1E2423002D0072E95D /* AppDelegate.swift */,
				5FCFFC222423002D0072E95D /* ViewController.swift */,
				5FCFFC51242300C50072E95D /* MapViewController.swift */,
				5FCFFC53242300CF0072E95D /* GradientPathRenderer.swift */,
				5FCFFC242423002D0072E95D /* Main.storyboard */,
				5FCFFC27242300430072E95D /* Assets.xcassets */,
				5FCFFC29242300430072E95D /* LaunchScreen.storyboard */,
				5FCFFC2C242300430072E95D /* Info.plist */,
			);
			path = MapViewController;
			sourceTree = "<group>";
		};
		5FCFFC34242300460072E95D /* MapViewControllerTests */ = {
			isa = PBXGroup;
			children = (
				5FCFFC35242300460072E95D /* MapViewControllerTests.swift */,
				5FCFFC37242300460072E95D /* Info.plist */,
			);
			path = MapViewControllerTests;
			sourceTree = "<group>";
		};
		5FCFFC3F242300460072E95D /* MapViewControllerUITests */ = {
			isa = PBXGroup;
			children = (
				5FCFFC40242300460072E95D /* MapViewControllerUITests.swift */,
				5FCFFC42242300460072E95D /* Info.plist */,
			);
			path = MapViewControllerUITests;
			sourceTree = "<group>";
		};
		5FCFFC4E242300540072E95D /* Frameworks */ = {
			isa = PBXGroup;
			children = (
				5FCFFC4F242300540072E95D /* MapKit.framework */,
			);
			name = Frameworks;
			sourceTree = "<group>";
		};
/* End PBXGroup section */

/* Begin PBXNativeTarget section */
		5FCFFC1A2423002C0072E95D /* MapViewController */ = {
			isa = PBXNativeTarget;
			buildConfigurationList = 5FCFFC45242300460072E95D /* Build configuration list for PBXNativeTarget "MapViewController" */;
			buildPhases = (
				5FCFFC172423002C0072E95D /* Sources */,
				5FCFFC182423002C0072E95D /* Frameworks */,
				5FCFFC192423002C0072E95D /* Resources */,
			);
			buildRules = (
			);
			dependencies = (
			);
			name = MapViewController;
			productName = MapViewController;
			productReference = 5FCFFC1B2423002C0072E95D /* MapViewController.app */;
			productType = "com.apple.product-type.application";
		};
		5FCFFC30242300460072E95D /* MapViewControllerTests */ = {
			isa = PBXNativeTarget;
			buildConfigurationList = 5FCFFC48242300460072E95D /* Build configuration list for PBXNativeTarget "MapViewControllerTests" */;
			buildPhases = (
				5FCFFC2D242300460072E95D /* Sources */,
				5FCFFC2E242300460072E95D /* Frameworks */,
				5FCFFC2F242300460072E95D /* Resources */,
			);
			buildRules = (
			);
			dependencies = (
				5FCFFC33242300460072E95D /* PBXTargetDependency */,
			);
			name = MapViewControllerTests;
			productName = MapViewControllerTests;
			productReference = 5FCFFC31242300460072E95D /* MapViewControllerTests.xctest */;
			productType = "com.apple.product-type.bundle.unit-test";
		};
		5FCFFC3B242300460072E95D /* MapViewControllerUITests */ = {
			isa = PBXNativeTarget;
			buildConfigurationList = 5FCFFC4B242300460072E95D /* Build configuration list for PBXNativeTarget "MapViewControllerUITests" */;
			buildPhases = (
				5FCFFC38242300460072E95D /* Sources */,
				5FCFFC39242300460072E95D /* Frameworks */,
				5FCFFC3A242300460072E95D /* Resources */,
			);
			buildRules = (
			);
			dependencies = (
				5FCFFC3E242300460072E95D /* PBXTargetDependency */,
			);
			name = MapViewControllerUITests;
			productName = MapViewControllerUITests;
			productReference = 5FCFFC3C242300460072E95D /* MapViewControllerUITests.xctest */;
			productType = "com.apple.product-type.bundle.ui-testing";
		};
/* End PBXNativeTarget section */

/* Begin PBXProject section */
		5FCFFC132423002C0072E95D /* Project object */ = {
			isa = PBXProject;
			attributes = {
				LastSwiftUpdateCheck = 1130;
				LastUpgradeCheck = 1130;
				ORGANIZATIONNAME = "刘科尧";
				TargetAttributes = {
					5FCFFC1A2423002C0072E95D = {
						CreatedOnToolsVersion = 11.3.1;
					};
					5FCFFC30242300460072E95D = {
						CreatedOnToolsVersion = 11.3.1;
						TestTargetID = 5FCFFC1A2423002C0072E95D;
					};
					5FCFFC3B242300460072E95D = {
						CreatedOnToolsVersion = 11.3.1;
						TestTargetID = 5FCFFC1A2423002C0072E95D;
					};
				};
			};
			buildConfigurationList = 5FCFFC162423002C0072E95D /* Build configuration list for PBXProject "MapViewController" */;
			compatibilityVersion = "Xcode 9.3";
			developmentRegion = en;
			hasScannedForEncodings = 0;
			knownRegions = (
				en,
				Base,
			);
			mainGroup = 5FCFFC122423002C0072E95D;
			productRefGroup = 5FCFFC1C2423002C0072E95D /* Products */;
			projectDirPath = "";
			projectRoot = "";
			targets = (
				5FCFFC1A2423002C0072E95D /* MapViewController */,
				5FCFFC30242300460072E95D /* MapViewControllerTests */,
				5FCFFC3B242300460072E95D /* MapViewControllerUITests */,
			);
		};
/* End PBXProject section */

/* Begin PBXResourcesBuildPhase section */
		5FCFFC192423002C0072E95D /* Resources */ = {
			isa = PBXResourcesBuildPhase;
			buildActionMask = 2147483647;
			files = (
				5FCFFC2B242300430072E95D /* LaunchScreen.storyboard in Resources */,
				5FCFFC28242300430072E95D /* Assets.xcassets in Resources */,
				5FCFFC262423002D0072E95D /* Main.storyboard in Resources */,
			);
			runOnlyForDeploymentPostprocessing = 0;
		};
		5FCFFC2F242300460072E95D /* Resources */ = {
			isa = PBXResourcesBuildPhase;
			buildActionMask = 2147483647;
			files = (
			);
			runOnlyForDeploymentPostprocessing = 0;
		};
		5FCFFC3A242300460072E95D /* Resources */ = {
			isa = PBXResourcesBuildPhase;
			buildActionMask = 2147483647;
			files = (
			);
			runOnlyForDeploymentPostprocessing = 0;
		};
/* End PBXResourcesBuildPhase section */

/* Begin PBXSourcesBuildPhase section */
		5FCFFC172423002C0072E95D /* Sources */ = {
			isa = PBXSourcesBuildPhase;
			buildActionMask = 2147483647;
			files = (
				5FCFFC232423002D0072E95D /* ViewController.swift in Sources */,
				5FCFFC52242300C50072E95D /* MapViewController.swift in Sources */,
				5FCFFC1F2423002D0072E95D /* AppDelegate.swift in Sources */,
				5FCFFC54242300CF0072E95D /* GradientPathRenderer.swift in Sources */,
			);
			runOnlyForDeploymentPostprocessing = 0;
		};
		5FCFFC2D242300460072E95D /* Sources */ = {
			isa = PBXSourcesBuildPhase;
			buildActionMask = 2147483647;
			files = (
				5FCFFC36242300460072E95D /* MapViewControllerTests.swift in Sources */,
			);
			runOnlyForDeploymentPostprocessing = 0;
		};
		5FCFFC38242300460072E95D /* Sources */ = {
			isa = PBXSourcesBuildPhase;
			buildActionMask = 2147483647;
			files = (
				5FCFFC41242300460072E95D /* MapViewControllerUITests.swift in Sources */,
			);
			runOnlyForDeploymentPostprocessing = 0;
		};
/* End PBXSourcesBuildPhase section */

/* Begin PBXTargetDependency section */
		5FCFFC33242300460072E95D /* PBXTargetDependency */ = {
			isa = PBXTargetDependency;
			target = 5FCFFC1A2423002C0072E95D /* MapViewController */;
			targetProxy = 5FCFFC32242300460072E95D /* PBXContainerItemProxy */;
		};
		5FCFFC3E242300460072E95D /* PBXTargetDependency */ = {
			isa = PBXTargetDependency;
			target = 5FCFFC1A2423002C0072E95D /* MapViewController */;
			targetProxy = 5FCFFC3D242300460072E95D /* PBXContainerItemProxy */;
		};
/* End PBXTargetDependency section */

/* Begin PBXVariantGroup section */
		5FCFFC242423002D0072E95D /* Main.storyboard */ = {
			isa = PBXVariantGroup;
			children = (
				5FCFFC252423002D0072E95D /* Base */,
			);
			name = Main.storyboard;
			sourceTree = "<group>";
		};
		5FCFFC29242300430072E95D /* LaunchScreen.storyboard */ = {
			isa = PBXVariantGroup;
			children = (
				5FCFFC2A242300430072E95D /* Base */,
			);
			name = LaunchScreen.storyboard;
			sourceTree = "<group>";
		};
/* End PBXVariantGroup section */

/* Begin XCBuildConfiguration section */
		5FCFFC43242300460072E95D /* Debug */ = {
			isa = XCBuildConfiguration;
			buildSettings = {
				ALWAYS_SEARCH_USER_PATHS = NO;
				CLANG_ANALYZER_NONNULL = YES;
				CLANG_ANALYZER_NUMBER_OBJECT_CONVERSION = YES_AGGRESSIVE;
				CLANG_CXX_LANGUAGE_STANDARD = "gnu++14";
				CLANG_CXX_LIBRARY = "libc++";
				CLANG_ENABLE_MODULES = YES;
				CLANG_ENABLE_OBJC_ARC = YES;
				CLANG_ENABLE_OBJC_WEAK = YES;
				CLANG_WARN_BLOCK_CAPTURE_AUTORELEASING = YES;
				CLANG_WARN_BOOL_CONVERSION = YES;
				CLANG_WARN_COMMA = YES;
				CLANG_WARN_CONSTANT_CONVERSION = YES;
				CLANG_WARN_DEPRECATED_OBJC_IMPLEMENTATIONS = YES;
				CLANG_WARN_DIRECT_OBJC_ISA_USAGE = YES_ERROR;
				CLANG_WARN_DOCUMENTATION_COMMENTS = YES;
				CLANG_WARN_EMPTY_BODY = YES;
				CLANG_WARN_ENUM_CONVERSION = YES;
				CLANG_WARN_INFINITE_RECURSION = YES;
				CLANG_WARN_INT_CONVERSION = YES;
				CLANG_WARN_NON_LITERAL_NULL_CONVERSION = YES;
				CLANG_WARN_OBJC_IMPLICIT_RETAIN_SELF = YES;
				CLANG_WARN_OBJC_LITERAL_CONVERSION = YES;
				CLANG_WARN_OBJC_ROOT_CLASS = YES_ERROR;
				CLANG_WARN_RANGE_LOOP_ANALYSIS = YES;
				CLANG_WARN_STRICT_PROTOTYPES = YES;
				CLANG_WARN_SUSPICIOUS_MOVE = YES;
				CLANG_WARN_UNGUARDED_AVAILABILITY = YES_AGGRESSIVE;
				CLANG_WARN_UNREACHABLE_CODE = YES;
				CLANG_WARN__DUPLICATE_METHOD_MATCH = YES;
				COPY_PHASE_STRIP = NO;
				DEBUG_INFORMATION_FORMAT = dwarf;
				ENABLE_STRICT_OBJC_MSGSEND = YES;
				ENABLE_TESTABILITY = YES;
				GCC_C_LANGUAGE_STANDARD = gnu11;
				GCC_DYNAMIC_NO_PIC = NO;
				GCC_NO_COMMON_BLOCKS = YES;
				GCC_OPTIMIZATION_LEVEL = 0;
				GCC_PREPROCESSOR_DEFINITIONS = (
					"DEBUG=1",
					"$(inherited)",
				);
				GCC_WARN_64_TO_32_BIT_CONVERSION = YES;
				GCC_WARN_ABOUT_RETURN_TYPE = YES_ERROR;
				GCC_WARN_UNDECLARED_SELECTOR = YES;
				GCC_WARN_UNINITIALIZED_AUTOS = YES_AGGRESSIVE;
				GCC_WARN_UNUSED_FUNCTION = YES;
				GCC_WARN_UNUSED_VARIABLE = YES;
				IPHONEOS_DEPLOYMENT_TARGET = 13.2;
				MTL_ENABLE_DEBUG_INFO = INCLUDE_SOURCE;
				MTL_FAST_MATH = YES;
				ONLY_ACTIVE_ARCH = YES;
				SDKROOT = iphoneos;
				SWIFT_ACTIVE_COMPILATION_CONDITIONS = DEBUG;
				SWIFT_OPTIMIZATION_LEVEL = "-Onone";
			};
			name = Debug;
		};
		5FCFFC44242300460072E95D /* Release */ = {
			isa = XCBuildConfiguration;
			buildSettings = {
				ALWAYS_SEARCH_USER_PATHS = NO;
				CLANG_ANALYZER_NONNULL = YES;
				CLANG_ANALYZER_NUMBER_OBJECT_CONVERSION = YES_AGGRESSIVE;
				CLANG_CXX_LANGUAGE_STANDARD = "gnu++14";
				CLANG_CXX_LIBRARY = "libc++";
				CLANG_ENABLE_MODULES = YES;
				CLANG_ENABLE_OBJC_ARC = YES;
				CLANG_ENABLE_OBJC_WEAK = YES;
				CLANG_WARN_BLOCK_CAPTURE_AUTORELEASING = YES;
				CLANG_WARN_BOOL_CONVERSION = YES;
				CLANG_WARN_COMMA = YES;
				CLANG_WARN_CONSTANT_CONVERSION = YES;
				CLANG_WARN_DEPRECATED_OBJC_IMPLEMENTATIONS = YES;
				CLANG_WARN_DIRECT_OBJC_ISA_USAGE = YES_ERROR;
				CLANG_WARN_DOCUMENTATION_COMMENTS = YES;
				CLANG_WARN_EMPTY_BODY = YES;
				CLANG_WARN_ENUM_CONVERSION = YES;
				CLANG_WARN_INFINITE_RECURSION = YES;
				CLANG_WARN_INT_CONVERSION = YES;
				CLANG_WARN_NON_LITERAL_NULL_CONVERSION = YES;
				CLANG_WARN_OBJC_IMPLICIT_RETAIN_SELF = YES;
				CLANG_WARN_OBJC_LITERAL_CONVERSION = YES;
				CLANG_WARN_OBJC_ROOT_CLASS = YES_ERROR;
				CLANG_WARN_RANGE_LOOP_ANALYSIS = YES;
				CLANG_WARN_STRICT_PROTOTYPES = YES;
				CLANG_WARN_SUSPICIOUS_MOVE = YES;
				CLANG_WARN_UNGUARDED_AVAILABILITY = YES_AGGRESSIVE;
				CLANG_WARN_UNREACHABLE_CODE = YES;
				CLANG_WARN__DUPLICATE_METHOD_MATCH = YES;
				COPY_PHASE_STRIP = NO;
				DEBUG_INFORMATION_FORMAT = "dwarf-with-dsym";
				ENABLE_NS_ASSERTIONS = NO;
				ENABLE_STRICT_OBJC_MSGSEND = YES;
				GCC_C_LANGUAGE_STANDARD = gnu11;
				GCC_NO_COMMON_BLOCKS = YES;
				GCC_WARN_64_TO_32_BIT_CONVERSION = YES;
				GCC_WARN_ABOUT_RETURN_TYPE = YES_ERROR;
				GCC_WARN_UNDECLARED_SELECTOR = YES;
				GCC_WARN_UNINITIALIZED_AUTOS = YES_AGGRESSIVE;
				GCC_WARN_UNUSED_FUNCTION = YES;
				GCC_WARN_UNUSED_VARIABLE = YES;
				IPHONEOS_DEPLOYMENT_TARGET = 13.2;
				MTL_ENABLE_DEBUG_INFO = NO;
				MTL_FAST_MATH = YES;
				SDKROOT = iphoneos;
				SWIFT_COMPILATION_MODE = wholemodule;
				SWIFT_OPTIMIZATION_LEVEL = "-O";
				VALIDATE_PRODUCT = YES;
			};
			name = Release;
		};
		5FCFFC46242300460072E95D /* Debug */ = {
			isa = XCBuildConfiguration;
			buildSettings = {
				ASSETCATALOG_COMPILER_APPICON_NAME = AppIcon;
				CODE_SIGN_STYLE = Automatic;
				DEVELOPMENT_TEAM = L33XCJU83N;
				INFOPLIST_FILE = MapViewController/Info.plist;
				LD_RUNPATH_SEARCH_PATHS = (
					"$(inherited)",
					"@executable_path/Frameworks",
				);
				PRODUCT_BUNDLE_IDENTIFIER = study.MapViewController;
				PRODUCT_NAME = "$(TARGET_NAME)";
				SWIFT_VERSION = 5.0;
				TARGETED_DEVICE_FAMILY = "1,2";
			};
			name = Debug;
		};
		5FCFFC47242300460072E95D /* Release */ = {
			isa = XCBuildConfiguration;
			buildSettings = {
				ASSETCATALOG_COMPILER_APPICON_NAME = AppIcon;
				CODE_SIGN_STYLE = Automatic;
				DEVELOPMENT_TEAM = L33XCJU83N;
				INFOPLIST_FILE = MapViewController/Info.plist;
				LD_RUNPATH_SEARCH_PATHS = (
					"$(inherited)",
					"@executable_path/Frameworks",
				);
				PRODUCT_BUNDLE_IDENTIFIER = study.MapViewController;
				PRODUCT_NAME = "$(TARGET_NAME)";
				SWIFT_VERSION = 5.0;
				TARGETED_DEVICE_FAMILY = "1,2";
			};
			name = Release;
		};
		5FCFFC49242300460072E95D /* Debug */ = {
			isa = XCBuildConfiguration;
			buildSettings = {
				ALWAYS_EMBED_SWIFT_STANDARD_LIBRARIES = YES;
				BUNDLE_LOADER = "$(TEST_HOST)";
				CODE_SIGN_STYLE = Automatic;
				DEVELOPMENT_TEAM = L33XCJU83N;
				INFOPLIST_FILE = MapViewControllerTests/Info.plist;
				IPHONEOS_DEPLOYMENT_TARGET = 13.2;
				LD_RUNPATH_SEARCH_PATHS = (
					"$(inherited)",
					"@executable_path/Frameworks",
					"@loader_path/Frameworks",
				);
				PRODUCT_BUNDLE_IDENTIFIER = study.MapViewControllerTests;
				PRODUCT_NAME = "$(TARGET_NAME)";
				SWIFT_VERSION = 5.0;
				TARGETED_DEVICE_FAMILY = "1,2";
				TEST_HOST = "$(BUILT_PRODUCTS_DIR)/MapViewController.app/MapViewController";
			};
			name = Debug;
		};
		5FCFFC4A242300460072E95D /* Release */ = {
			isa = XCBuildConfiguration;
			buildSettings = {
				ALWAYS_EMBED_SWIFT_STANDARD_LIBRARIES = YES;
				BUNDLE_LOADER = "$(TEST_HOST)";
				CODE_SIGN_STYLE = Automatic;
				DEVELOPMENT_TEAM = L33XCJU83N;
				INFOPLIST_FILE = MapViewControllerTests/Info.plist;
				IPHONEOS_DEPLOYMENT_TARGET = 13.2;
				LD_RUNPATH_SEARCH_PATHS = (
					"$(inherited)",
					"@executable_path/Frameworks",
					"@loader_path/Frameworks",
				);
				PRODUCT_BUNDLE_IDENTIFIER = study.MapViewControllerTests;
				PRODUCT_NAME = "$(TARGET_NAME)";
				SWIFT_VERSION = 5.0;
				TARGETED_DEVICE_FAMILY = "1,2";
				TEST_HOST = "$(BUILT_PRODUCTS_DIR)/MapViewController.app/MapViewController";
			};
			name = Release;
		};
		5FCFFC4C242300460072E95D /* Debug */ = {
			isa = XCBuildConfiguration;
			buildSettings = {
				ALWAYS_EMBED_SWIFT_STANDARD_LIBRARIES = YES;
				CODE_SIGN_STYLE = Automatic;
				DEVELOPMENT_TEAM = L33XCJU83N;
				INFOPLIST_FILE = MapViewControllerUITests/Info.plist;
				LD_RUNPATH_SEARCH_PATHS = (
					"$(inherited)",
					"@executable_path/Frameworks",
					"@loader_path/Frameworks",
				);
				PRODUCT_BUNDLE_IDENTIFIER = study.MapViewControllerUITests;
				PRODUCT_NAME = "$(TARGET_NAME)";
				SWIFT_VERSION = 5.0;
				TARGETED_DEVICE_FAMILY = "1,2";
				TEST_TARGET_NAME = MapViewController;
			};
			name = Debug;
		};
		5FCFFC4D242300460072E95D /* Release */ = {
			isa = XCBuildConfiguration;
			buildSettings = {
				ALWAYS_EMBED_SWIFT_STANDARD_LIBRARIES = YES;
				CODE_SIGN_STYLE = Automatic;
				DEVELOPMENT_TEAM = L33XCJU83N;
				INFOPLIST_FILE = MapViewControllerUITests/Info.plist;
				LD_RUNPATH_SEARCH_PATHS = (
					"$(inherited)",
					"@executable_path/Frameworks",
					"@loader_path/Frameworks",
				);
				PRODUCT_BUNDLE_IDENTIFIER = study.MapViewControllerUITests;
				PRODUCT_NAME = "$(TARGET_NAME)";
				SWIFT_VERSION = 5.0;
				TARGETED_DEVICE_FAMILY = "1,2";
				TEST_TARGET_NAME = MapViewController;
			};
			name = Release;
		};
/* End XCBuildConfiguration section */

/* Begin XCConfigurationList section */
		5FCFFC162423002C0072E95D /* Build configuration list for PBXProject "MapViewController" */ = {
			isa = XCConfigurationList;
			buildConfigurations = (
				5FCFFC43242300460072E95D /* Debug */,
				5FCFFC44242300460072E95D /* Release */,
			);
			defaultConfigurationIsVisible = 0;
			defaultConfigurationName = Release;
		};
		5FCFFC45242300460072E95D /* Build configuration list for PBXNativeTarget "MapViewController" */ = {
			isa = XCConfigurationList;
			buildConfigurations = (
				5FCFFC46242300460072E95D /* Debug */,
				5FCFFC47242300460072E95D /* Release */,
			);
			defaultConfigurationIsVisible = 0;
			defaultConfigurationName = Release;
		};
		5FCFFC48242300460072E95D /* Build configuration list for PBXNativeTarget "MapViewControllerTests" */ = {
			isa = XCConfigurationList;
			buildConfigurations = (
				5FCFFC49242300460072E95D /* Debug */,
				5FCFFC4A242300460072E95D /* Release */,
			);
			defaultConfigurationIsVisible = 0;
			defaultConfigurationName = Release;
		};
		5FCFFC4B242300460072E95D /* Build configuration list for PBXNativeTarget "MapViewControllerUITests" */ = {
			isa = XCConfigurationList;
			buildConfigurations = (
				5FCFFC4C242300460072E95D /* Debug */,
				5FCFFC4D242300460072E95D /* Release */,
			);
			defaultConfigurationIsVisible = 0;
			defaultConfigurationName = Release;
		};
/* End XCConfigurationList section */
	};
	rootObject = 5FCFFC132423002C0072E95D /* Project object */;
}
